
Microsoft Visual Studio Solution File, Format Version 12.00
# Visual Studio Version 16
VisualStudioVersion = 16.0.31005.135
MinimumVisualStudioVersion = 10.0.40219.1
Project("{FAE04EC0-301F-11D3-BF4B-00C04F79EFBC}") = "RfidDotNet.Wpf.Demo", "RfidDotNet.Wpf.Demo\RfidDotNet.Wpf.Demo.csproj", "{CCAFE356-BB43-4A9C-BE70-FC9D388324C3}"
EndProject
Global
	GlobalSection(SolutionConfigurationPlatforms) = preSolution
		Debug|Any CPU = Debug|Any CPU
		Release|Any CPU = Release|Any CPU
	EndGlobalSection
	GlobalSection(ProjectConfigurationPlatforms) = postSolution
		{CCAFE356-BB43-4A9C-BE70-FC9D388324C3}.Debug|Any CPU.ActiveCfg = Debug|Any CPU
		{CCAFE356-BB43-4A9C-BE70-FC9D388324C3}.Debug|Any CPU.Build.0 = Debug|Any CPU
		{CCAFE356-BB43-4A9C-BE70-FC9D388324C3}.Release|Any CPU.ActiveCfg = Release|Any CPU
		{CCAFE356-BB43-4A9C-BE70-FC9D388324C3}.Release|Any CPU.Build.0 = Release|Any CPU
	EndGlobalSection
	GlobalSection(SolutionProperties) = preSolution
		HideSolutionNode = FALSE
	EndGlobalSection
	GlobalSection(ExtensibilityGlobals) = postSolution
		SolutionGuid = {28CAFF00-85BE-431D-BB87-04DC4EA2145E}
	EndGlobalSection
EndGlobal
